
Microsoft Visual Studio Solution File, Format Version 12.00
# Visual Studio Version 17
VisualStudioVersion = 17.3.32825.248
MinimumVisualStudioVersion = 10.0.40219.1
Project("{2150E333-8FDC-42A3-9474-1A3956D46DE8}") = "src", "src", "{A3F5B20A-2F44-4D5B-88D9-9C5CF021A4C1}"
EndProject
Project("{2150E333-8FDC-42A3-9474-1A3956D46DE8}") = "Core", "Core", "{D3F83F3F-BA6F-423E-8F3B-14C7533094DB}"
EndProject
Project("{2150E333-8FDC-42A3-9474-1A3956D46DE8}") = "Infrastructure", "Infrastructure", "{B990F78A-BC12-470C-B423-178D06AA7656}"
EndProject
Project("{2150E333-8FDC-42A3-9474-1A3956D46DE8}") = "Presentation", "Presentation", "{5A2FDC8A-2059-4403-A842-3C25878863C0}"
EndProject
Project("{9A19103F-16F7-4668-BE54-9A1E7A4F7556}") = "IK.Domain", "IK.Domain\IK.Domain.csproj", "{0122981F-1487-4328-B1B0-D96200AE7AA3}"
EndProject
Project("{9A19103F-16F7-4668-BE54-9A1E7A4F7556}") = "IK.Application", "IK.Application\IK.Application.csproj", "{E186FB5A-3561-4DD5-AB15-727402E15A81}"
EndProject
Project("{9A19103F-16F7-4668-BE54-9A1E7A4F7556}") = "IK.Persistence", "IK.Persistence\IK.Persistence.csproj", "{C3735E5A-BEC2-441F-9DCF-4549EFAD0226}"
EndProject
Project("{9A19103F-16F7-4668-BE54-9A1E7A4F7556}") = "IK.Infrastructure", "IK.Infrastructure\IK.Infrastructure.csproj", "{86B748FA-81BD-4443-BCAA-DFFB9890A752}"
EndProject
Project("{9A19103F-16F7-4668-BE54-9A1E7A4F7556}") = "IK.UI", "IK.UI\IK.UI.csproj", "{88779DCA-6F3E-41A1-B706-FB313C3EEFE2}"
EndProject
Global
	GlobalSection(SolutionConfigurationPlatforms) = preSolution
		Debug|Any CPU = Debug|Any CPU
		Release|Any CPU = Release|Any CPU
	EndGlobalSection
	GlobalSection(ProjectConfigurationPlatforms) = postSolution
		{0122981F-1487-4328-B1B0-D96200AE7AA3}.Debug|Any CPU.ActiveCfg = Debug|Any CPU
		{0122981F-1487-4328-B1B0-D96200AE7AA3}.Debug|Any CPU.Build.0 = Debug|Any CPU
		{0122981F-1487-4328-B1B0-D96200AE7AA3}.Release|Any CPU.ActiveCfg = Release|Any CPU
		{0122981F-1487-4328-B1B0-D96200AE7AA3}.Release|Any CPU.Build.0 = Release|Any CPU
		{E186FB5A-3561-4DD5-AB15-727402E15A81}.Debug|Any CPU.ActiveCfg = Debug|Any CPU
		{E186FB5A-3561-4DD5-AB15-727402E15A81}.Debug|Any CPU.Build.0 = Debug|Any CPU
		{E186FB5A-3561-4DD5-AB15-727402E15A81}.Release|Any CPU.ActiveCfg = Release|Any CPU
		{E186FB5A-3561-4DD5-AB15-727402E15A81}.Release|Any CPU.Build.0 = Release|Any CPU
		{C3735E5A-BEC2-441F-9DCF-4549EFAD0226}.Debug|Any CPU.ActiveCfg = Debug|Any CPU
		{C3735E5A-BEC2-441F-9DCF-4549EFAD0226}.Debug|Any CPU.Build.0 = Debug|Any CPU
		{C3735E5A-BEC2-441F-9DCF-4549EFAD0226}.Release|Any CPU.ActiveCfg = Release|Any CPU
		{C3735E5A-BEC2-441F-9DCF-4549EFAD0226}.Release|Any CPU.Build.0 = Release|Any CPU
		{86B748FA-81BD-4443-BCAA-DFFB9890A752}.Debug|Any CPU.ActiveCfg = Debug|Any CPU
		{86B748FA-81BD-4443-BCAA-DFFB9890A752}.Debug|Any CPU.Build.0 = Debug|Any CPU
		{86B748FA-81BD-4443-BCAA-DFFB9890A752}.Release|Any CPU.ActiveCfg = Release|Any CPU
		{86B748FA-81BD-4443-BCAA-DFFB9890A752}.Release|Any CPU.Build.0 = Release|Any CPU
		{88779DCA-6F3E-41A1-B706-FB313C3EEFE2}.Debug|Any CPU.ActiveCfg = Debug|Any CPU
		{88779DCA-6F3E-41A1-B706-FB313C3EEFE2}.Debug|Any CPU.Build.0 = Debug|Any CPU
		{88779DCA-6F3E-41A1-B706-FB313C3EEFE2}.Release|Any CPU.ActiveCfg = Release|Any CPU
		{88779DCA-6F3E-41A1-B706-FB313C3EEFE2}.Release|Any CPU.Build.0 = Release|Any CPU
	EndGlobalSection
	GlobalSection(SolutionProperties) = preSolution
		HideSolutionNode = FALSE
	EndGlobalSection
	GlobalSection(NestedProjects) = preSolution
		{D3F83F3F-BA6F-423E-8F3B-14C7533094DB} = {A3F5B20A-2F44-4D5B-88D9-9C5CF021A4C1}
		{B990F78A-BC12-470C-B423-178D06AA7656} = {A3F5B20A-2F44-4D5B-88D9-9C5CF021A4C1}
		{5A2FDC8A-2059-4403-A842-3C25878863C0} = {A3F5B20A-2F44-4D5B-88D9-9C5CF021A4C1}
		{0122981F-1487-4328-B1B0-D96200AE7AA3} = {D3F83F3F-BA6F-423E-8F3B-14C7533094DB}
		{E186FB5A-3561-4DD5-AB15-727402E15A81} = {D3F83F3F-BA6F-423E-8F3B-14C7533094DB}
		{C3735E5A-BEC2-441F-9DCF-4549EFAD0226} = {B990F78A-BC12-470C-B423-178D06AA7656}
		{86B748FA-81BD-4443-BCAA-DFFB9890A752} = {B990F78A-BC12-470C-B423-178D06AA7656}
		{88779DCA-6F3E-41A1-B706-FB313C3EEFE2} = {5A2FDC8A-2059-4403-A842-3C25878863C0}
	EndGlobalSection
	GlobalSection(ExtensibilityGlobals) = postSolution
		SolutionGuid = {83D0E8F3-BE80-4F5A-BFE3-AFC83A244E5D}
	EndGlobalSection
EndGlobal
